
Microsoft Visual Studio Solution File, Format Version 12.00
# Visual Studio Version 16
VisualStudioVersion = 16.0.31424.327
MinimumVisualStudioVersion = 10.0.40219.1
Project("{9A19103F-16F7-4668-BE54-9A1E7A4F7556}") = "Ravencoin.Web", "Ravencoin.Web\Ravencoin.Web.csproj", "{92AF2A29-029A-437A-8614-E861B36398A8}"
EndProject
Project("{9A19103F-16F7-4668-BE54-9A1E7A4F7556}") = "Ravencoin.ApplicationCore", "Ravencoin.ApplicationCore\Ravencoin.ApplicationCore.csproj", "{60A5188B-DD5A-4CB2-B51E-EB789170F6D7}"
EndProject
Project("{FAE04EC0-301F-11D3-BF4B-00C04F79EFBC}") = "Ravencoin.AssetSender", "Ravencoin.AssetSender\Ravencoin.AssetSender.csproj", "{1B266840-1AEC-4866-8D02-54A4CDA7324A}"
EndProject
Global
	GlobalSection(SolutionConfigurationPlatforms) = preSolution
		Debug|Any CPU = Debug|Any CPU
		Release|Any CPU = Release|Any CPU
	EndGlobalSection
	GlobalSection(ProjectConfigurationPlatforms) = postSolution
		{92AF2A29-029A-437A-8614-E861B36398A8}.Debug|Any CPU.ActiveCfg = Debug|Any CPU
		{92AF2A29-029A-437A-8614-E861B36398A8}.Debug|Any CPU.Build.0 = Debug|Any CPU
		{92AF2A29-029A-437A-8614-E861B36398A8}.Release|Any CPU.ActiveCfg = Release|Any CPU
		{92AF2A29-029A-437A-8614-E861B36398A8}.Release|Any CPU.Build.0 = Release|Any CPU
		{60A5188B-DD5A-4CB2-B51E-EB789170F6D7}.Debug|Any CPU.ActiveCfg = Debug|Any CPU
		{60A5188B-DD5A-4CB2-B51E-EB789170F6D7}.Debug|Any CPU.Build.0 = Debug|Any CPU
		{60A5188B-DD5A-4CB2-B51E-EB789170F6D7}.Release|Any CPU.ActiveCfg = Release|Any CPU
		{60A5188B-DD5A-4CB2-B51E-EB789170F6D7}.Release|Any CPU.Build.0 = Release|Any CPU
		{1B266840-1AEC-4866-8D02-54A4CDA7324A}.Debug|Any CPU.ActiveCfg = Debug|Any CPU
		{1B266840-1AEC-4866-8D02-54A4CDA7324A}.Debug|Any CPU.Build.0 = Debug|Any CPU
		{1B266840-1AEC-4866-8D02-54A4CDA7324A}.Release|Any CPU.ActiveCfg = Release|Any CPU
		{1B266840-1AEC-4866-8D02-54A4CDA7324A}.Release|Any CPU.Build.0 = Release|Any CPU
	EndGlobalSection
	GlobalSection(SolutionProperties) = preSolution
		HideSolutionNode = FALSE
	EndGlobalSection
	GlobalSection(ExtensibilityGlobals) = postSolution
		SolutionGuid = {A91C6C84-4655-4B54-93B2-1C19B518E1A1}
	EndGlobalSection
EndGlobal
